
Microsoft Visual Studio Solution File, Format Version 12.00
# Visual Studio 14
VisualStudioVersion = 14.0.25420.1
MinimumVisualStudioVersion = 10.0.40219.1
Project("{FAE04EC0-301F-11D3-BF4B-00C04F79EFBC}") = "Client", "Client\Client.csproj", "{5A388422-4202-4382-8C28-22E7FAA48EC1}"
EndProject
Project("{FAE04EC0-301F-11D3-BF4B-00C04F79EFBC}") = "UTests", "UTests\UTests.csproj", "{5FCCE660-80B6-4ED0-866F-74D018956197}"
EndProject
Global
	GlobalSection(SolutionConfigurationPlatforms) = preSolution
		Debug|Any CPU = Debug|Any CPU
		Release|Any CPU = Release|Any CPU
	EndGlobalSection
	GlobalSection(ProjectConfigurationPlatforms) = postSolution
		{5A388422-4202-4382-8C28-22E7FAA48EC1}.Debug|Any CPU.ActiveCfg = Debug|Any CPU
		{5A388422-4202-4382-8C28-22E7FAA48EC1}.Debug|Any CPU.Build.0 = Debug|Any CPU
		{5A388422-4202-4382-8C28-22E7FAA48EC1}.Release|Any CPU.ActiveCfg = Release|Any CPU
		{5A388422-4202-4382-8C28-22E7FAA48EC1}.Release|Any CPU.Build.0 = Release|Any CPU
		{5FCCE660-80B6-4ED0-866F-74D018956197}.Debug|Any CPU.ActiveCfg = Debug|Any CPU
		{5FCCE660-80B6-4ED0-866F-74D018956197}.Debug|Any CPU.Build.0 = Debug|Any CPU
		{5FCCE660-80B6-4ED0-866F-74D018956197}.Release|Any CPU.ActiveCfg = Release|Any CPU
		{5FCCE660-80B6-4ED0-866F-74D018956197}.Release|Any CPU.Build.0 = Release|Any CPU
	EndGlobalSection
	GlobalSection(SolutionProperties) = preSolution
		HideSolutionNode = FALSE
	EndGlobalSection
EndGlobal
